
Microsoft Visual Studio Solution File, Format Version 12.00
# Visual Studio 14
VisualStudioVersion = 14.0.25123.0
MinimumVisualStudioVersion = 10.0.40219.1
Project("{FAE04EC0-301F-11D3-BF4B-00C04F79EFBC}") = "calc_bd", "calc_bd\calc_bd.csproj", "{824A157A-5B92-4774-B091-7E37EFAA2DC0}"
EndProject
Global
	GlobalSection(SolutionConfigurationPlatforms) = preSolution
		Debug|Any CPU = Debug|Any CPU
		Release|Any CPU = Release|Any CPU
	EndGlobalSection
	GlobalSection(ProjectConfigurationPlatforms) = postSolution
		{824A157A-5B92-4774-B091-7E37EFAA2DC0}.Debug|Any CPU.ActiveCfg = Debug|Any CPU
		{824A157A-5B92-4774-B091-7E37EFAA2DC0}.Debug|Any CPU.Build.0 = Debug|Any CPU
		{824A157A-5B92-4774-B091-7E37EFAA2DC0}.Release|Any CPU.ActiveCfg = Release|Any CPU
		{824A157A-5B92-4774-B091-7E37EFAA2DC0}.Release|Any CPU.Build.0 = Release|Any CPU
	EndGlobalSection
	GlobalSection(SolutionProperties) = preSolution
		HideSolutionNode = FALSE
	EndGlobalSection
EndGlobal
